
Microsoft Visual Studio Solution File, Format Version 12.00
# Visual Studio Version 17
VisualStudioVersion = 17.0.32112.339
MinimumVisualStudioVersion = 10.0.40219.1
Project("{FAE04EC0-301F-11D3-BF4B-00C04F79EFBC}") = "LinkNet.API", "LinkNet.API\LinkNet.API.csproj", "{212FD430-E5C0-4744-83D5-1F8AF332D255}"
EndProject
Project("{FAE04EC0-301F-11D3-BF4B-00C04F79EFBC}") = "LinkNet.Core", "LinkNet.Core\LinkNet.Core.csproj", "{6E74417E-C99F-4FEF-AD6B-D0148F357B55}"
EndProject
Project("{FAE04EC0-301F-11D3-BF4B-00C04F79EFBC}") = "LinkNet.Infrastructure", "LinkNet.Infrastructure\LinkNet.Infrastructure.csproj", "{9A44D499-D6AD-4C50-8FFB-E2E21B5A6987}"
EndProject
Global
	GlobalSection(SolutionConfigurationPlatforms) = preSolution
		Debug|Any CPU = Debug|Any CPU
		Release|Any CPU = Release|Any CPU
	EndGlobalSection
	GlobalSection(ProjectConfigurationPlatforms) = postSolution
		{212FD430-E5C0-4744-83D5-1F8AF332D255}.Debug|Any CPU.ActiveCfg = Debug|Any CPU
		{212FD430-E5C0-4744-83D5-1F8AF332D255}.Debug|Any CPU.Build.0 = Debug|Any CPU
		{212FD430-E5C0-4744-83D5-1F8AF332D255}.Release|Any CPU.ActiveCfg = Release|Any CPU
		{212FD430-E5C0-4744-83D5-1F8AF332D255}.Release|Any CPU.Build.0 = Release|Any CPU
		{6E74417E-C99F-4FEF-AD6B-D0148F357B55}.Debug|Any CPU.ActiveCfg = Debug|Any CPU
		{6E74417E-C99F-4FEF-AD6B-D0148F357B55}.Debug|Any CPU.Build.0 = Debug|Any CPU
		{6E74417E-C99F-4FEF-AD6B-D0148F357B55}.Release|Any CPU.ActiveCfg = Release|Any CPU
		{6E74417E-C99F-4FEF-AD6B-D0148F357B55}.Release|Any CPU.Build.0 = Release|Any CPU
		{9A44D499-D6AD-4C50-8FFB-E2E21B5A6987}.Debug|Any CPU.ActiveCfg = Debug|Any CPU
		{9A44D499-D6AD-4C50-8FFB-E2E21B5A6987}.Debug|Any CPU.Build.0 = Debug|Any CPU
		{9A44D499-D6AD-4C50-8FFB-E2E21B5A6987}.Release|Any CPU.ActiveCfg = Release|Any CPU
		{9A44D499-D6AD-4C50-8FFB-E2E21B5A6987}.Release|Any CPU.Build.0 = Release|Any CPU
	EndGlobalSection
	GlobalSection(SolutionProperties) = preSolution
		HideSolutionNode = FALSE
	EndGlobalSection
	GlobalSection(ExtensibilityGlobals) = postSolution
		SolutionGuid = {B66AE67E-4893-4D91-AEAE-E9E6BF18ED90}
	EndGlobalSection
EndGlobal
